github.com/elliotforbes/go-webassembly-framework v0.0.0-20201118182138-37f7fcfe377f h1:zgkGsI4jsqT+EnvmvnlqUTLK1tH/J7NBjQvHPss3C6k=
github.com/elliotforbes/go-webassembly-framework v0.0.0-20201118182138-37f7fcfe377f/go.mod h1:tmPJSfAVJt3ydsuBw9pL+FNFiOEWXkjzbUle1wUs/rg=
github.com/fatih/color v1.7.0/go.mod h1:Zm6kSWBoL9eyXnKyktHP6abPY2pDugNf5KwzbycvMj4=
github.com/fsnotify/fsnotify v1.4.7/go.mod h1:jwhsz4b93w/PPRr/qN1Yymfu8t87LnFCMoQvtojpjFo=
github.com/go-fsnotify/fsnotify v0.0.0-20180321022601-755488143dae/go.mod h1:BbhqyaehKPCLD83cqfRYdm177Ylm1cdGHu3txjbQSQI=
github.com/mattn/go-colorable v0.0.9/go.mod h1:9vuHe8Xs5qXnSaW/c/ABM9alt+Vo+STaOChaDxuIBZU=
github.com/mattn/go-isatty v0.0.4/go.mod h1:M+lRXTBqGeGNdLjl/ufCoiOlB5xdOkqRJdNxMWT7Zi4=
github.com/spf13/cobra v0.0.3/go.mod h1:1l0Ry5zgKvJasoi3XT1TypsSe7PqH0Sj9dhYf7v3XqQ=
github.com/spf13/pflag v1.0.3/go.mod h1:DYY7MBk1bdzusC3SYhjObp+wFpr4gzcvqqNjLnInEg4=
golang.org/x/sys v0.0.0-20190105165716-badf5585203e/go.mod h1:STP8DvDyc/dI5b8T5hshtkjS+E42TnysNCUPdjciGhY=
